// !$*UTF8*$!
{
	archiveVersion = 1;
	classes = {
	};
	objectVersion = 50;
	objects = {

/* Begin PBXBuildFile section */
		4B2D7368247D36A3005AFE80 /* AppDelegate.swift in Sources */ = {isa = PBXBuildFile; fileRef = 4B2D7367247D36A3005AFE80 /* AppDelegate.swift */; };
		4B2D736A247D36A3005AFE80 /* SceneDelegate.swift in Sources */ = {isa = PBXBuildFile; fileRef = 4B2D7369247D36A3005AFE80 /* SceneDelegate.swift */; };
		4B2D736C247D36A3005AFE80 /* ViewController.swift in Sources */ = {isa = PBXBuildFile; fileRef = 4B2D736B247D36A3005AFE80 /* ViewController.swift */; };
		4B2D736F247D36A3005AFE80 /* Main.storyboard in Resources */ = {isa = PBXBuildFile; fileRef = 4B2D736D247D36A3005AFE80 /* Main.storyboard */; };
		4B2D7371247D36A8005AFE80 /* Assets.xcassets in Resources */ = {isa = PBXBuildFile; fileRef = 4B2D7370247D36A8005AFE80 /* Assets.xcassets */; };
		4B2D7374247D36A8005AFE80 /* LaunchScreen.storyboard in Resources */ = {isa = PBXBuildFile; fileRef = 4B2D7372247D36A8005AFE80 /* LaunchScreen.storyboard */; };
		4B2D737F247D36A8005AFE80 /* FunFactTests.swift in Sources */ = {isa = PBXBuildFile; fileRef = 4B2D737E247D36A8005AFE80 /* FunFactTests.swift */; };
		4B2D738A247D36A8005AFE80 /* FunFactUITests.swift in Sources */ = {isa = PBXBuildFile; fileRef = 4B2D7389247D36A8005AFE80 /* FunFactUITests.swift */; };
/* End PBXBuildFile section */

/* Begin PBXContainerItemProxy section */
		4B2D737B247D36A8005AFE80 /* PBXContainerItemProxy */ = {
			isa = PBXContainerItemProxy;
			containerPortal = 4B2D735C247D36A3005AFE80 /* Project object */;
			proxyType = 1;
			remoteGlobalIDString = 4B2D7363247D36A3005AFE80;
			remoteInfo = FunFact;
		};
		4B2D7386247D36A8005AFE80 /* PBXContainerItemProxy */ = {
			isa = PBXContainerItemProxy;
			containerPortal = 4B2D735C247D36A3005AFE80 /* Project object */;
			proxyType = 1;
			remoteGlobalIDString = 4B2D7363247D36A3005AFE80;
			remoteInfo = FunFact;
		};
/* End PBXContainerItemProxy section */

/* Begin PBXFileReference section */
		4B2D7364247D36A3005AFE80 /* FunFact.app */ = {isa = PBXFileReference; explicitFileType = wrapper.application; includeInIndex = 0; path = FunFact.app; sourceTree = BUILT_PRODUCTS_DIR; };
		4B2D7367247D36A3005AFE80 /* AppDelegate.swift */ = {isa = PBXFileReference; lastKnownFileType = sourcecode.swift; path = AppDelegate.swift; sourceTree = "<group>"; };
		4B2D7369247D36A3005AFE80 /* SceneDelegate.swift */ = {isa = PBXFileReference; lastKnownFileType = sourcecode.swift; path = SceneDelegate.swift; sourceTree = "<group>"; };
		4B2D736B247D36A3005AFE80 /* ViewController.swift */ = {isa = PBXFileReference; lastKnownFileType = sourcecode.swift; path = ViewController.swift; sourceTree = "<group>"; };
		4B2D736E247D36A3005AFE80 /* Base */ = {isa = PBXFileReference; lastKnownFileType = file.storyboard; name = Base; path = Base.lproj/Main.storyboard; sourceTree = "<group>"; };
		4B2D7370247D36A8005AFE80 /* Assets.xcassets */ = {isa = PBXFileReference; lastKnownFileType = folder.assetcatalog; path = Assets.xcassets; sourceTree = "<group>"; };
		4B2D7373247D36A8005AFE80 /* Base */ = {isa = PBXFileReference; lastKnownFileType = file.storyboard; name = Base; path = Base.lproj/LaunchScreen.storyboard; sourceTree = "<group>"; };
		4B2D7375247D36A8005AFE80 /* Info.plist */ = {isa = PBXFileReference; lastKnownFileType = text.plist.xml; path = Info.plist; sourceTree = "<group>"; };
		4B2D737A247D36A8005AFE80 /* FunFactTests.xctest */ = {isa = PBXFileReference; explicitFileType = wrapper.cfbundle; includeInIndex = 0; path = FunFactTests.xctest; sourceTree = BUILT_PRODUCTS_DIR; };
		4B2D737E247D36A8005AFE80 /* FunFactTests.swift */ = {isa = PBXFileReference; lastKnownFileType = sourcecode.swift; path = FunFactTests.swift; sourceTree = "<group>"; };
		4B2D7380247D36A8005AFE80 /* Info.plist */ = {isa = PBXFileReference; lastKnownFileType = text.plist.xml; path = Info.plist; sourceTree = "<group>"; };
		4B2D7385247D36A8005AFE80 /* FunFactUITests.xctest */ = {isa = PBXFileReference; explicitFileType = wrapper.cfbundle; includeInIndex = 0; path = FunFactUITests.xctest; sourceTree = BUILT_PRODUCTS_DIR; };
		4B2D7389247D36A8005AFE80 /* FunFactUITests.swift */ = {isa = PBXFileReference; lastKnownFileType = sourcecode.swift; path = FunFactUITests.swift; sourceTree = "<group>"; };
		4B2D738B247D36A8005AFE80 /* Info.plist */ = {isa = PBXFileReference; lastKnownFileType = text.plist.xml; path = Info.plist; sourceTree = "<group>"; };
/* End PBXFileReference section */

/* Begin PBXFrameworksBuildPhase section */
		4B2D7361247D36A3005AFE80 /* Frameworks */ = {
			isa = PBXFrameworksBuildPhase;
			buildActionMask = 2147483647;
			files = (
			);
			runOnlyForDeploymentPostprocessing = 0;
		};
		4B2D7377247D36A8005AFE80 /* Frameworks */ = {
			isa = PBXFrameworksBuildPhase;
			buildActionMask = 2147483647;
			files = (
			);
			runOnlyForDeploymentPostprocessing = 0;
		};
		4B2D7382247D36A8005AFE80 /* Frameworks */ = {
			isa = PBXFrameworksBuildPhase;
			buildActionMask = 2147483647;
			files = (
			);
			runOnlyForDeploymentPostprocessing = 0;
		};
/* End PBXFrameworksBuildPhase section */

/* Begin PBXGroup section */
		4B2D735B247D36A3005AFE80 = {
			isa = PBXGroup;
			children = (
				4B2D7366247D36A3005AFE80 /* FunFact */,
				4B2D737D247D36A8005AFE80 /* FunFactTests */,
				4B2D7388247D36A8005AFE80 /* FunFactUITests */,
				4B2D7365247D36A3005AFE80 /* Products */,
			);
			sourceTree = "<group>";
		};
		4B2D7365247D36A3005AFE80 /* Products */ = {
			isa = PBXGroup;
			children = (
				4B2D7364247D36A3005AFE80 /* FunFact.app */,
				4B2D737A247D36A8005AFE80 /* FunFactTests.xctest */,
				4B2D7385247D36A8005AFE80 /* FunFactUITests.xctest */,
			);
			name = Products;
			sourceTree = "<group>";
		};
		4B2D7366247D36A3005AFE80 /* FunFact */ = {
			isa = PBXGroup;
			children = (
				4B2D7367247D36A3005AFE80 /* AppDelegate.swift */,
				4B2D7369247D36A3005AFE80 /* SceneDelegate.swift */,
				4B2D736B247D36A3005AFE80 /* ViewController.swift */,
				4B2D736D247D36A3005AFE80 /* Main.storyboard */,
				4B2D7370247D36A8005AFE80 /* Assets.xcassets */,
				4B2D7372247D36A8005AFE80 /* LaunchScreen.storyboard */,
				4B2D7375247D36A8005AFE80 /* Info.plist */,
			);
			path = FunFact;
			sourceTree = "<group>";
		};
		4B2D737D247D36A8005AFE80 /* FunFactTests */ = {
			isa = PBXGroup;
			children = (
				4B2D737E247D36A8005AFE80 /* FunFactTests.swift */,
				4B2D7380247D36A8005AFE80 /* Info.plist */,
			);
			path = FunFactTests;
			sourceTree = "<group>";
		};
		4B2D7388247D36A8005AFE80 /* FunFactUITests */ = {
			isa = PBXGroup;
			children = (
				4B2D7389247D36A8005AFE80 /* FunFactUITests.swift */,
				4B2D738B247D36A8005AFE80 /* Info.plist */,
			);
			path = FunFactUITests;
			sourceTree = "<group>";
		};
/* End PBXGroup section */

/* Begin PBXNativeTarget section */
		4B2D7363247D36A3005AFE80 /* FunFact */ = {
			isa = PBXNativeTarget;
			buildConfigurationList = 4B2D738E247D36A8005AFE80 /* Build configuration list for PBXNativeTarget "FunFact" */;
			buildPhases = (
				4B2D7360247D36A3005AFE80 /* Sources */,
				4B2D7361247D36A3005AFE80 /* Frameworks */,
				4B2D7362247D36A3005AFE80 /* Resources */,
			);
			buildRules = (
			);
			dependencies = (
			);
			name = FunFact;
			productName = FunFact;
			productReference = 4B2D7364247D36A3005AFE80 /* FunFact.app */;
			productType = "com.apple.product-type.application";
		};
		4B2D7379247D36A8005AFE80 /* FunFactTests */ = {
			isa = PBXNativeTarget;
			buildConfigurationList = 4B2D7391247D36A8005AFE80 /* Build configuration list for PBXNativeTarget "FunFactTests" */;
			buildPhases = (
				4B2D7376247D36A8005AFE80 /* Sources */,
				4B2D7377247D36A8005AFE80 /* Frameworks */,
				4B2D7378247D36A8005AFE80 /* Resources */,
			);
			buildRules = (
			);
			dependencies = (
				4B2D737C247D36A8005AFE80 /* PBXTargetDependency */,
			);
			name = FunFactTests;
			productName = FunFactTests;
			productReference = 4B2D737A247D36A8005AFE80 /* FunFactTests.xctest */;
			productType = "com.apple.product-type.bundle.unit-test";
		};
		4B2D7384247D36A8005AFE80 /* FunFactUITests */ = {
			isa = PBXNativeTarget;
			buildConfigurationList = 4B2D7394247D36A8005AFE80 /* Build configuration list for PBXNativeTarget "FunFactUITests" */;
			buildPhases = (
				4B2D7381247D36A8005AFE80 /* Sources */,
				4B2D7382247D36A8005AFE80 /* Frameworks */,
				4B2D7383247D36A8005AFE80 /* Resources */,
			);
			buildRules = (
			);
			dependencies = (
				4B2D7387247D36A8005AFE80 /* PBXTargetDependency */,
			);
			name = FunFactUITests;
			productName = FunFactUITests;
			productReference = 4B2D7385247D36A8005AFE80 /* FunFactUITests.xctest */;
			productType = "com.apple.product-type.bundle.ui-testing";
		};
/* End PBXNativeTarget section */

/* Begin PBXProject section */
		4B2D735C247D36A3005AFE80 /* Project object */ = {
			isa = PBXProject;
			attributes = {
				LastSwiftUpdateCheck = 1150;
				LastUpgradeCheck = 1150;
				ORGANIZATIONNAME = "LG Sistemas SA";
				TargetAttributes = {
					4B2D7363247D36A3005AFE80 = {
						CreatedOnToolsVersion = 11.5;
					};
					4B2D7379247D36A8005AFE80 = {
						CreatedOnToolsVersion = 11.5;
						TestTargetID = 4B2D7363247D36A3005AFE80;
					};
					4B2D7384247D36A8005AFE80 = {
						CreatedOnToolsVersion = 11.5;
						TestTargetID = 4B2D7363247D36A3005AFE80;
					};
				};
			};
			buildConfigurationList = 4B2D735F247D36A3005AFE80 /* Build configuration list for PBXProject "FunFact" */;
			compatibilityVersion = "Xcode 9.3";
			developmentRegion = en;
			hasScannedForEncodings = 0;
			knownRegions = (
				en,
				Base,
			);
			mainGroup = 4B2D735B247D36A3005AFE80;
			productRefGroup = 4B2D7365247D36A3005AFE80 /* Products */;
			projectDirPath = "";
			projectRoot = "";
			targets = (
				4B2D7363247D36A3005AFE80 /* FunFact */,
				4B2D7379247D36A8005AFE80 /* FunFactTests */,
				4B2D7384247D36A8005AFE80 /* FunFactUITests */,
			);
		};
/* End PBXProject section */

/* Begin PBXResourcesBuildPhase section */
		4B2D7362247D36A3005AFE80 /* Resources */ = {
			isa = PBXResourcesBuildPhase;
			buildActionMask = 2147483647;
			files = (
				4B2D7374247D36A8005AFE80 /* LaunchScreen.storyboard in Resources */,
				4B2D7371247D36A8005AFE80 /* Assets.xcassets in Resources */,
				4B2D736F247D36A3005AFE80 /* Main.storyboard in Resources */,
			);
			runOnlyForDeploymentPostprocessing = 0;
		};
		4B2D7378247D36A8005AFE80 /* Resources */ = {
			isa = PBXResourcesBuildPhase;
			buildActionMask = 2147483647;
			files = (
			);
			runOnlyForDeploymentPostprocessing = 0;
		};
		4B2D7383247D36A8005AFE80 /* Resources */ = {
			isa = PBXResourcesBuildPhase;
			buildActionMask = 2147483647;
			files = (
			);
			runOnlyForDeploymentPostprocessing = 0;
		};
/* End PBXResourcesBuildPhase section */

/* Begin PBXSourcesBuildPhase section */
		4B2D7360247D36A3005AFE80 /* Sources */ = {
			isa = PBXSourcesBuildPhase;
			buildActionMask = 2147483647;
			files = (
				4B2D736C247D36A3005AFE80 /* ViewController.swift in Sources */,
				4B2D7368247D36A3005AFE80 /* AppDelegate.swift in Sources */,
				4B2D736A247D36A3005AFE80 /* SceneDelegate.swift in Sources */,
			);
			runOnlyForDeploymentPostprocessing = 0;
		};
		4B2D7376247D36A8005AFE80 /* Sources */ = {
			isa = PBXSourcesBuildPhase;
			buildActionMask = 2147483647;
			files = (
				4B2D737F247D36A8005AFE80 /* FunFactTests.swift in Sources */,
			);
			runOnlyForDeploymentPostprocessing = 0;
		};
		4B2D7381247D36A8005AFE80 /* Sources */ = {
			isa = PBXSourcesBuildPhase;
			buildActionMask = 2147483647;
			files = (
				4B2D738A247D36A8005AFE80 /* FunFactUITests.swift in Sources */,
			);
			runOnlyForDeploymentPostprocessing = 0;
		};
/* End PBXSourcesBuildPhase section */

/* Begin PBXTargetDependency section */
		4B2D737C247D36A8005AFE80 /* PBXTargetDependency */ = {
			isa = PBXTargetDependency;
			target = 4B2D7363247D36A3005AFE80 /* FunFact */;
			targetProxy = 4B2D737B247D36A8005AFE80 /* PBXContainerItemProxy */;
		};
		4B2D7387247D36A8005AFE80 /* PBXTargetDependency */ = {
			isa = PBXTargetDependency;
			target = 4B2D7363247D36A3005AFE80 /* FunFact */;
			targetProxy = 4B2D7386247D36A8005AFE80 /* PBXContainerItemProxy */;
		};
/* End PBXTargetDependency section */

/* Begin PBXVariantGroup section */
		4B2D736D247D36A3005AFE80 /* Main.storyboard */ = {
			isa = PBXVariantGroup;
			children = (
				4B2D736E247D36A3005AFE80 /* Base */,
			);
			name = Main.storyboard;
			sourceTree = "<group>";
		};
		4B2D7372247D36A8005AFE80 /* LaunchScreen.storyboard */ = {
			isa = PBXVariantGroup;
			children = (
				4B2D7373247D36A8005AFE80 /* Base */,
			);
			name = LaunchScreen.storyboard;
			sourceTree = "<group>";
		};
/* End PBXVariantGroup section */

/* Begin XCBuildConfiguration section */
		4B2D738C247D36A8005AFE80 /* Debug */ = {
			isa = XCBuildConfiguration;
			buildSettings = {
				ALWAYS_SEARCH_USER_PATHS = NO;
				CLANG_ANALYZER_NONNULL = YES;
				CLANG_ANALYZER_NUMBER_OBJECT_CONVERSION = YES_AGGRESSIVE;
				CLANG_CXX_LANGUAGE_STANDARD = "gnu++14";
				CLANG_CXX_LIBRARY = "libc++";
				CLANG_ENABLE_MODULES = YES;
				CLANG_ENABLE_OBJC_ARC = YES;
				CLANG_ENABLE_OBJC_WEAK = YES;
				CLANG_WARN_BLOCK_CAPTURE_AUTORELEASING = YES;
				CLANG_WARN_BOOL_CONVERSION = YES;
				CLANG_WARN_COMMA = YES;
				CLANG_WARN_CONSTANT_CONVERSION = YES;
				CLANG_WARN_DEPRECATED_OBJC_IMPLEMENTATIONS = YES;
				CLANG_WARN_DIRECT_OBJC_ISA_USAGE = YES_ERROR;
				CLANG_WARN_DOCUMENTATION_COMMENTS = YES;
				CLANG_WARN_EMPTY_BODY = YES;
				CLANG_WARN_ENUM_CONVERSION = YES;
				CLANG_WARN_INFINITE_RECURSION = YES;
				CLANG_WARN_INT_CONVERSION = YES;
				CLANG_WARN_NON_LITERAL_NULL_CONVERSION = YES;
				CLANG_WARN_OBJC_IMPLICIT_RETAIN_SELF = YES;
				CLANG_WARN_OBJC_LITERAL_CONVERSION = YES;
				CLANG_WARN_OBJC_ROOT_CLASS = YES_ERROR;
				CLANG_WARN_RANGE_LOOP_ANALYSIS = YES;
				CLANG_WARN_STRICT_PROTOTYPES = YES;
				CLANG_WARN_SUSPICIOUS_MOVE = YES;
				CLANG_WARN_UNGUARDED_AVAILABILITY = YES_AGGRESSIVE;
				CLANG_WARN_UNREACHABLE_CODE = YES;
				CLANG_WARN__DUPLICATE_METHOD_MATCH = YES;
				COPY_PHASE_STRIP = NO;
				DEBUG_INFORMATION_FORMAT = dwarf;
				ENABLE_STRICT_OBJC_MSGSEND = YES;
				ENABLE_TESTABILITY = YES;
				GCC_C_LANGUAGE_STANDARD = gnu11;
				GCC_DYNAMIC_NO_PIC = NO;
				GCC_NO_COMMON_BLOCKS = YES;
				GCC_OPTIMIZATION_LEVEL = 0;
				GCC_PREPROCESSOR_DEFINITIONS = (
					"DEBUG=1",
					"$(inherited)",
				);
				GCC_WARN_64_TO_32_BIT_CONVERSION = YES;
				GCC_WARN_ABOUT_RETURN_TYPE = YES_ERROR;
				GCC_WARN_UNDECLARED_SELECTOR = YES;
				GCC_WARN_UNINITIALIZED_AUTOS = YES_AGGRESSIVE;
				GCC_WARN_UNUSED_FUNCTION = YES;
				GCC_WARN_UNUSED_VARIABLE = YES;
				IPHONEOS_DEPLOYMENT_TARGET = 13.5;
				MTL_ENABLE_DEBUG_INFO = INCLUDE_SOURCE;
				MTL_FAST_MATH = YES;
				ONLY_ACTIVE_ARCH = YES;
				SDKROOT = iphoneos;
				SWIFT_ACTIVE_COMPILATION_CONDITIONS = DEBUG;
				SWIFT_OPTIMIZATION_LEVEL = "-Onone";
			};
			name = Debug;
		};
		4B2D738D247D36A8005AFE80 /* Release */ = {
			isa = XCBuildConfiguration;
			buildSettings = {
				ALWAYS_SEARCH_USER_PATHS = NO;
				CLANG_ANALYZER_NONNULL = YES;
				CLANG_ANALYZER_NUMBER_OBJECT_CONVERSION = YES_AGGRESSIVE;
				CLANG_CXX_LANGUAGE_STANDARD = "gnu++14";
				CLANG_CXX_LIBRARY = "libc++";
				CLANG_ENABLE_MODULES = YES;
				CLANG_ENABLE_OBJC_ARC = YES;
				CLANG_ENABLE_OBJC_WEAK = YES;
				CLANG_WARN_BLOCK_CAPTURE_AUTORELEASING = YES;
				CLANG_WARN_BOOL_CONVERSION = YES;
				CLANG_WARN_COMMA = YES;
				CLANG_WARN_CONSTANT_CONVERSION = YES;
				CLANG_WARN_DEPRECATED_OBJC_IMPLEMENTATIONS = YES;
				CLANG_WARN_DIRECT_OBJC_ISA_USAGE = YES_ERROR;
				CLANG_WARN_DOCUMENTATION_COMMENTS = YES;
				CLANG_WARN_EMPTY_BODY = YES;
				CLANG_WARN_ENUM_CONVERSION = YES;
				CLANG_WARN_INFINITE_RECURSION = YES;
				CLANG_WARN_INT_CONVERSION = YES;
				CLANG_WARN_NON_LITERAL_NULL_CONVERSION = YES;
				CLANG_WARN_OBJC_IMPLICIT_RETAIN_SELF = YES;
				CLANG_WARN_OBJC_LITERAL_CONVERSION = YES;
				CLANG_WARN_OBJC_ROOT_CLASS = YES_ERROR;
				CLANG_WARN_RANGE_LOOP_ANALYSIS = YES;
				CLANG_WARN_STRICT_PROTOTYPES = YES;
				CLANG_WARN_SUSPICIOUS_MOVE = YES;
				CLANG_WARN_UNGUARDED_AVAILABILITY = YES_AGGRESSIVE;
				CLANG_WARN_UNREACHABLE_CODE = YES;
				CLANG_WARN__DUPLICATE_METHOD_MATCH = YES;
				COPY_PHASE_STRIP = NO;
				DEBUG_INFORMATION_FORMAT = "dwarf-with-dsym";
				ENABLE_NS_ASSERTIONS = NO;
				ENABLE_STRICT_OBJC_MSGSEND = YES;
				GCC_C_LANGUAGE_STANDARD = gnu11;
				GCC_NO_COMMON_BLOCKS = YES;
				GCC_WARN_64_TO_32_BIT_CONVERSION = YES;
				GCC_WARN_ABOUT_RETURN_TYPE = YES_ERROR;
				GCC_WARN_UNDECLARED_SELECTOR = YES;
				GCC_WARN_UNINITIALIZED_AUTOS = YES_AGGRESSIVE;
				GCC_WARN_UNUSED_FUNCTION = YES;
				GCC_WARN_UNUSED_VARIABLE = YES;
				IPHONEOS_DEPLOYMENT_TARGET = 13.5;
				MTL_ENABLE_DEBUG_INFO = NO;
				MTL_FAST_MATH = YES;
				SDKROOT = iphoneos;
				SWIFT_COMPILATION_MODE = wholemodule;
				SWIFT_OPTIMIZATION_LEVEL = "-O";
				VALIDATE_PRODUCT = YES;
			};
			name = Release;
		};
		4B2D738F247D36A8005AFE80 /* Debug */ = {
			isa = XCBuildConfiguration;
			buildSettings = {
				ASSETCATALOG_COMPILER_APPICON_NAME = AppIcon;
				CODE_SIGN_STYLE = Automatic;
				DEVELOPMENT_TEAM = LQ27F94V7P;
				INFOPLIST_FILE = FunFact/Info.plist;
				LD_RUNPATH_SEARCH_PATHS = (
					"$(inherited)",
					"@executable_path/Frameworks",
				);
				PRODUCT_BUNDLE_IDENTIFIER = br.com.lg.FunFact;
				PRODUCT_NAME = "$(TARGET_NAME)";
				SWIFT_VERSION = 5.0;
				TARGETED_DEVICE_FAMILY = "1,2";
			};
			name = Debug;
		};
		4B2D7390247D36A8005AFE80 /* Release */ = {
			isa = XCBuildConfiguration;
			buildSettings = {
				ASSETCATALOG_COMPILER_APPICON_NAME = AppIcon;
				CODE_SIGN_STYLE = Automatic;
				DEVELOPMENT_TEAM = LQ27F94V7P;
				INFOPLIST_FILE = FunFact/Info.plist;
				LD_RUNPATH_SEARCH_PATHS = (
					"$(inherited)",
					"@executable_path/Frameworks",
				);
				PRODUCT_BUNDLE_IDENTIFIER = br.com.lg.FunFact;
				PRODUCT_NAME = "$(TARGET_NAME)";
				SWIFT_VERSION = 5.0;
				TARGETED_DEVICE_FAMILY = "1,2";
			};
			name = Release;
		};
		4B2D7392247D36A8005AFE80 /* Debug */ = {
			isa = XCBuildConfiguration;
			buildSettings = {
				ALWAYS_EMBED_SWIFT_STANDARD_LIBRARIES = YES;
				BUNDLE_LOADER = "$(TEST_HOST)";
				CODE_SIGN_STYLE = Automatic;
				DEVELOPMENT_TEAM = LQ27F94V7P;
				INFOPLIST_FILE = FunFactTests/Info.plist;
				IPHONEOS_DEPLOYMENT_TARGET = 13.5;
				LD_RUNPATH_SEARCH_PATHS = (
					"$(inherited)",
					"@executable_path/Frameworks",
					"@loader_path/Frameworks",
				);
				PRODUCT_BUNDLE_IDENTIFIER = br.com.lg.FunFactTests;
				PRODUCT_NAME = "$(TARGET_NAME)";
				SWIFT_VERSION = 5.0;
				TARGETED_DEVICE_FAMILY = "1,2";
				TEST_HOST = "$(BUILT_PRODUCTS_DIR)/FunFact.app/FunFact";
			};
			name = Debug;
		};
		4B2D7393247D36A8005AFE80 /* Release */ = {
			isa = XCBuildConfiguration;
			buildSettings = {
				ALWAYS_EMBED_SWIFT_STANDARD_LIBRARIES = YES;
				BUNDLE_LOADER = "$(TEST_HOST)";
				CODE_SIGN_STYLE = Automatic;
				DEVELOPMENT_TEAM = LQ27F94V7P;
				INFOPLIST_FILE = FunFactTests/Info.plist;
				IPHONEOS_DEPLOYMENT_TARGET = 13.5;
				LD_RUNPATH_SEARCH_PATHS = (
					"$(inherited)",
					"@executable_path/Frameworks",
					"@loader_path/Frameworks",
				);
				PRODUCT_BUNDLE_IDENTIFIER = br.com.lg.FunFactTests;
				PRODUCT_NAME = "$(TARGET_NAME)";
				SWIFT_VERSION = 5.0;
				TARGETED_DEVICE_FAMILY = "1,2";
				TEST_HOST = "$(BUILT_PRODUCTS_DIR)/FunFact.app/FunFact";
			};
			name = Release;
		};
		4B2D7395247D36A8005AFE80 /* Debug */ = {
			isa = XCBuildConfiguration;
			buildSettings = {
				ALWAYS_EMBED_SWIFT_STANDARD_LIBRARIES = YES;
				CODE_SIGN_STYLE = Automatic;
				DEVELOPMENT_TEAM = LQ27F94V7P;
				INFOPLIST_FILE = FunFactUITests/Info.plist;
				LD_RUNPATH_SEARCH_PATHS = (
					"$(inherited)",
					"@executable_path/Frameworks",
					"@loader_path/Frameworks",
				);
				PRODUCT_BUNDLE_IDENTIFIER = br.com.lg.FunFactUITests;
				PRODUCT_NAME = "$(TARGET_NAME)";
				SWIFT_VERSION = 5.0;
				TARGETED_DEVICE_FAMILY = "1,2";
				TEST_TARGET_NAME = FunFact;
			};
			name = Debug;
		};
		4B2D7396247D36A8005AFE80 /* Release */ = {
			isa = XCBuildConfiguration;
			buildSettings = {
				ALWAYS_EMBED_SWIFT_STANDARD_LIBRARIES = YES;
				CODE_SIGN_STYLE = Automatic;
				DEVELOPMENT_TEAM = LQ27F94V7P;
				INFOPLIST_FILE = FunFactUITests/Info.plist;
				LD_RUNPATH_SEARCH_PATHS = (
					"$(inherited)",
					"@executable_path/Frameworks",
					"@loader_path/Frameworks",
				);
				PRODUCT_BUNDLE_IDENTIFIER = br.com.lg.FunFactUITests;
				PRODUCT_NAME = "$(TARGET_NAME)";
				SWIFT_VERSION = 5.0;
				TARGETED_DEVICE_FAMILY = "1,2";
				TEST_TARGET_NAME = FunFact;
			};
			name = Release;
		};
/* End XCBuildConfiguration section */

/* Begin XCConfigurationList section */
		4B2D735F247D36A3005AFE80 /* Build configuration list for PBXProject "FunFact" */ = {
			isa = XCConfigurationList;
			buildConfigurations = (
				4B2D738C247D36A8005AFE80 /* Debug */,
				4B2D738D247D36A8005AFE80 /* Release */,
			);
			defaultConfigurationIsVisible = 0;
			defaultConfigurationName = Release;
		};
		4B2D738E247D36A8005AFE80 /* Build configuration list for PBXNativeTarget "FunFact" */ = {
			isa = XCConfigurationList;
			buildConfigurations = (
				4B2D738F247D36A8005AFE80 /* Debug */,
				4B2D7390247D36A8005AFE80 /* Release */,
			);
			defaultConfigurationIsVisible = 0;
			defaultConfigurationName = Release;
		};
		4B2D7391247D36A8005AFE80 /* Build configuration list for PBXNativeTarget "FunFactTests" */ = {
			isa = XCConfigurationList;
			buildConfigurations = (
				4B2D7392247D36A8005AFE80 /* Debug */,
				4B2D7393247D36A8005AFE80 /* Release */,
			);
			defaultConfigurationIsVisible = 0;
			defaultConfigurationName = Release;
		};
		4B2D7394247D36A8005AFE80 /* Build configuration list for PBXNativeTarget "FunFactUITests" */ = {
			isa = XCConfigurationList;
			buildConfigurations = (
				4B2D7395247D36A8005AFE80 /* Debug */,
				4B2D7396247D36A8005AFE80 /* Release */,
			);
			defaultConfigurationIsVisible = 0;
			defaultConfigurationName = Release;
		};
/* End XCConfigurationList section */
	};
	rootObject = 4B2D735C247D36A3005AFE80 /* Project object */;
}
